github.com/gokrazy/bakery v0.0.0-20230307195221-6054a4012c48 h1:5p3Vz6OwnSl6aWQeCAV8DjZJdCb6bSEhdUZnXc7Yy1Q=
github.com/gokrazy/bakery v0.0.0-20230307195221-6054a4012c48/go.mod h1:2GTv0AaxYfnZzVSfTggx0TCnd+kwTG4CT1jx14INnjE=
github.com/gokrazy/gokrazy v0.0.0-20220304072708-5dd8496371e3 h1:xwmxNbDaZcF5a04N+l1yL43DDV0ctgIyuxWoPB0V6cE=
github.com/gokrazy/gokrazy v0.0.0-20220304072708-5dd8496371e3/go.mod h1:lhYUrZe1PD+q/MhoNMVoKm9F3CsE64oQhaOyoeB8qdU=
github.com/gokrazy/internal v0.0.0-20220111191949-698f19a074ef h1:ymGWpZu9Ug4lTMlVslD+iB6K+zvSqh93sHKx/kyPwlw=
github.com/gokrazy/internal v0.0.0-20220111191949-698f19a074ef/go.mod h1:Gc9sU6yJ/qxg3gJZ1pjfcTAULa0swdTa4TH51g1e00E=
github.com/google/renameio/v2 v2.0.0 h1:UifI23ZTGY8Tt29JbYFiuyIU3eX+RNFtUwefq9qAhxg=
github.com/google/renameio/v2 v2.0.0/go.mod h1:BtmJXm5YlszgC+TD4HOEEUFgkJP3nLxehU6hfe7jRt4=
github.com/mdlayher/watchdog v0.0.0-20201005150459-8bdc4f41966b h1:7tUBfsEEBWfFeHOB7CUfoOamak+Gx/BlirfXyPk1WjI=
github.com/mdlayher/watchdog v0.0.0-20201005150459-8bdc4f41966b/go.mod h1:bmoJUS6qOA3uKFvF3KVuhf7mU1KQirzQMeHXtPyKEqg=
github.com/vishvananda/netlink v1.1.0 h1:1iyaYNBLmP6L0220aDnYQpo1QEV4t4hJ+xEEhhJH8j0=
github.com/vishvananda/netlink v1.1.0/go.mod h1:cTgwzPIzzgDAYoQrMm0EdrjRUBkTqKYppBueQtXaqoE=
github.com/vishvananda/netns v0.0.0-20191106174202-0a2b9b5464df h1:OviZH7qLw/7ZovXvuNyL3XQl8UFofeikI1NW1Gypu7k=
github.com/vishvananda/netns v0.0.0-20191106174202-0a2b9b5464df/go.mod h1:JP3t17pCcGlemwknint6hfoeCVQrEMVwxRLRjXpq+BU=
golang.org/x/sys v0.5.0 h1:MUK/U/4lj1t1oPg0HfuXDN/Z1wv31ZJ/YcPiGccS4DU=
golang.org/x/sys v0.5.0/go.mod h1:oPkhp1MJrh7nUepCBck5+mAzfO9JrbApNNgaTdGDITg=
rsc.io/goversion v1.2.0 h1:SPn+NLTiAG7w30IRK/DKp1BjvpWabYgxlLp/+kx5J8w=
rsc.io/goversion v1.2.0/go.mod h1:Eih9y/uIBS3ulggl7KNJ09xGSLcuNaLgmvvqa07sgfo=
