github.com/gokrazy/gokrazy v0.0.0-20230812092215-346db1998f83 h1:Y4sADvUYd/c0eqnqebipHHl0GMpAxOQeTzPnwI4ievM=
github.com/gokrazy/gokrazy v0.0.0-20230812092215-346db1998f83/go.mod h1:9q5Tg+q+YvRjC3VG0gfMFut46dhbhtAnvUEp4lPjc6c=
github.com/google/gopacket v1.1.19 h1:ves8RnFZPGiFnTS0uPQStjwru6uO6h+nlr9j6fL7kF8=
github.com/google/renameio/v2 v2.0.0 h1:UifI23ZTGY8Tt29JbYFiuyIU3eX+RNFtUwefq9qAhxg=
github.com/josharian/native v1.0.0 h1:Ts/E8zCSEsG17dUqv7joXJFybuMLjQfWE04tsBODTxk=
github.com/mdlayher/packet v1.0.0 h1:InhZJbdShQYt6XV2GPj5XHxChzOfhJJOMbvnGAmOfQ8=
github.com/mdlayher/socket v0.2.3 h1:XZA2X2TjdOwNoNPVPclRCURoX/hokBY8nkTmRZFEheM=
github.com/rtr7/dhcp4 v0.0.0-20220302171438-18c84d089b46 h1:3psQveH4RUiv5yc3p7kRySilf1nSXLQhAvJFwg4fgnE=
github.com/vishvananda/netlink v1.1.0 h1:1iyaYNBLmP6L0220aDnYQpo1QEV4t4hJ+xEEhhJH8j0=
github.com/vishvananda/netns v0.0.0-20211101163701-50045581ed74 h1:gga7acRE695APm9hlsSMoOoE65U4/TcqNj90mc69Rlg=
golang.org/x/net v0.7.0 h1:rJrUqqhjsgNp7KqAIc25s9pZnjU7TUcSY7HcVZjdn1g=
golang.org/x/sync v0.0.0-20210220032951-036812b2e83c h1:5KslGYwFpkhGh+Q16bwMP3cOontH8FOep7tGV86Y7SQ=
golang.org/x/sys v0.5.0 h1:MUK/U/4lj1t1oPg0HfuXDN/Z1wv31ZJ/YcPiGccS4DU=
