github.com/creack/pty v1.1.18 h1:n56/Zwd5o6whRC5PMGretI4IdRLlmBXYNjScPaBgsbY=
github.com/creack/pty v1.1.18/go.mod h1:MOBLtS5ELjhRRrroQr9kyvTxUAFNvYEK993ew/Vr4O4=
github.com/gokrazy/breakglass v0.0.0-20230812093049-e771a5894bd2 h1:M8VcJV7iuGE/1WJ+YXU7wEvsesMsUpHln1dHsF64TTo=
github.com/gokrazy/breakglass v0.0.0-20230812093049-e771a5894bd2/go.mod h1:g6AIXw9nTAj54jl9ZlcvZ19TJXlz0bFsavGpqQLTAxU=
github.com/gokrazy/gokrazy v0.0.0-20230812092215-346db1998f83 h1:Y4sADvUYd/c0eqnqebipHHl0GMpAxOQeTzPnwI4ievM=
github.com/gokrazy/gokrazy v0.0.0-20230812092215-346db1998f83/go.mod h1:9q5Tg+q+YvRjC3VG0gfMFut46dhbhtAnvUEp4lPjc6c=
github.com/gokrazy/internal v0.0.0-20230211171410-9608422911d0 h1:QTi0skQ/OM7he/5jEWA9k/DYgdwGAhw3hrUoiPGGZHM=
github.com/gokrazy/internal v0.0.0-20230211171410-9608422911d0/go.mod h1:ddHcxXZ/VVQOSAWcRBbkYY58+QOw4L145ye6phyDmRA=
github.com/google/renameio/v2 v2.0.0 h1:UifI23ZTGY8Tt29JbYFiuyIU3eX+RNFtUwefq9qAhxg=
github.com/google/renameio/v2 v2.0.0/go.mod h1:BtmJXm5YlszgC+TD4HOEEUFgkJP3nLxehU6hfe7jRt4=
github.com/google/shlex v0.0.0-20191202100458-e7afc7fbc510 h1:El6M4kTTCOh6aBiKaUGG7oYTSPP8MxqL4YI3kZKwcP4=
github.com/google/shlex v0.0.0-20191202100458-e7afc7fbc510/go.mod h1:pupxD2MaaD3pAXIBCelhxNneeOaAeabZDe5s4K6zSpQ=
github.com/kenshaw/evdev v0.1.0 h1:wmtceEOFfilChgdNT+c/djPJ2JineVsQ0N14kGzFRUo=
github.com/kenshaw/evdev v0.1.0/go.mod h1:B/fErKCihUyEobz0mjn2qQbHgyJKFQAxkXSvkeeA/Wo=
github.com/kr/fs v0.1.0 h1:Jskdu9ieNAYnjxsi0LbQp1ulIKZV1LAFgK1tWhpZgl8=
github.com/kr/fs v0.1.0/go.mod h1:FFnZGqtBN9Gxj7eW1uZ42v5BccTP0vu6NEaFoC2HwRg=
github.com/kr/pty v1.1.8 h1:AkaSdXYQOWeaO3neb8EM634ahkXXe3jYbVh/F9lq+GI=
github.com/kr/pty v1.1.8/go.mod h1:O1sed60cT9XZ5uDucP5qwvh+TE3NnUj51EiZO/lmSfw=
github.com/mdlayher/watchdog v0.0.0-20221003142519-49be0df7b3b5 h1:80FAK3TW5lVymfHu3kvB1QvTZvy9Kmx1lx6sT5Ep16s=
github.com/mdlayher/watchdog v0.0.0-20221003142519-49be0df7b3b5/go.mod h1:z0QjVpjpK4jksEkffQwS3+abQ3XFTm1bnimyDzWyUk0=
github.com/pkg/sftp v1.13.5 h1:a3RLUqkyjYRtBTZJZ1VRrKbN3zhuPLlUc3sphVz81go=
github.com/pkg/sftp v1.13.5/go.mod h1:wHDZ0IZX6JcBYRK1TH9bcVq8G7TLpVHYIGJRFnmPfxg=
golang.org/x/crypto v0.6.0 h1:qfktjS5LUO+fFKeJXZ+ikTRijMmljikvG68fpMMruSc=
golang.org/x/crypto v0.6.0/go.mod h1:OFC/31mSvZgRz0V1QTNCzfAI1aIRzbiufJtkMIlEp58=
golang.org/x/sys v0.5.0 h1:MUK/U/4lj1t1oPg0HfuXDN/Z1wv31ZJ/YcPiGccS4DU=
golang.org/x/sys v0.5.0/go.mod h1:oPkhp1MJrh7nUepCBck5+mAzfO9JrbApNNgaTdGDITg=
